
Microsoft Visual Studio Solution File, Format Version 12.00
# Visual Studio 15
VisualStudioVersion = 15.0.28307.168
MinimumVisualStudioVersion = 10.0.40219.1
Project("{9A19103F-16F7-4668-BE54-9A1E7A4F7556}") = "dotnetcore-image-hello", "src\dotnetcore-image-hello\dotnetcore-image-hello.csproj", "{289B8DB6-930D-46B9-9BF8-957014FCC018}"
EndProject
Project("{9A19103F-16F7-4668-BE54-9A1E7A4F7556}") = "imagesharp-test", "src\imagesharp-test\imagesharp-test.csproj", "{33320FB3-1173-484A-8E9D-1D91CDC4C762}"
EndProject
Project("{9A19103F-16F7-4668-BE54-9A1E7A4F7556}") = "skiasharp-test", "src\skiasharp-test\skiasharp-test.csproj", "{50861DF0-1C62-4187-9727-523BAE9A3BED}"
EndProject
Global
	GlobalSection(SolutionConfigurationPlatforms) = preSolution
		Debug|Any CPU = Debug|Any CPU
		Release|Any CPU = Release|Any CPU
	EndGlobalSection
	GlobalSection(ProjectConfigurationPlatforms) = postSolution
		{289B8DB6-930D-46B9-9BF8-957014FCC018}.Debug|Any CPU.ActiveCfg = Debug|Any CPU
		{289B8DB6-930D-46B9-9BF8-957014FCC018}.Debug|Any CPU.Build.0 = Debug|Any CPU
		{289B8DB6-930D-46B9-9BF8-957014FCC018}.Release|Any CPU.ActiveCfg = Release|Any CPU
		{289B8DB6-930D-46B9-9BF8-957014FCC018}.Release|Any CPU.Build.0 = Release|Any CPU
		{33320FB3-1173-484A-8E9D-1D91CDC4C762}.Debug|Any CPU.ActiveCfg = Debug|Any CPU
		{33320FB3-1173-484A-8E9D-1D91CDC4C762}.Debug|Any CPU.Build.0 = Debug|Any CPU
		{33320FB3-1173-484A-8E9D-1D91CDC4C762}.Release|Any CPU.ActiveCfg = Release|Any CPU
		{33320FB3-1173-484A-8E9D-1D91CDC4C762}.Release|Any CPU.Build.0 = Release|Any CPU
		{50861DF0-1C62-4187-9727-523BAE9A3BED}.Debug|Any CPU.ActiveCfg = Debug|Any CPU
		{50861DF0-1C62-4187-9727-523BAE9A3BED}.Debug|Any CPU.Build.0 = Debug|Any CPU
		{50861DF0-1C62-4187-9727-523BAE9A3BED}.Release|Any CPU.ActiveCfg = Release|Any CPU
		{50861DF0-1C62-4187-9727-523BAE9A3BED}.Release|Any CPU.Build.0 = Release|Any CPU
	EndGlobalSection
	GlobalSection(SolutionProperties) = preSolution
		HideSolutionNode = FALSE
	EndGlobalSection
	GlobalSection(ExtensibilityGlobals) = postSolution
		SolutionGuid = {7A8F346B-7727-4C76-86C4-4A5407CE125D}
	EndGlobalSection
EndGlobal
